
Microsoft Visual Studio Solution File, Format Version 12.00
# Visual Studio 2013
VisualStudioVersion = 12.0.30723.0
MinimumVisualStudioVersion = 10.0.40219.1
Project("{FAE04EC0-301F-11D3-BF4B-00C04F79EFBC}") = "Bgdtk", "Bgdtk.csproj", "{BC1349BF-0D53-4E78-A06E-B3B46B11875E}"
EndProject
Project("{FAE04EC0-301F-11D3-BF4B-00C04F79EFBC}") = "BgdtkTests", "BgdtkTests\BgdtkTests.csproj", "{24C0EB9E-D2D0-449A-8B18-786601CC65AB}"
EndProject
Global
	GlobalSection(SolutionConfigurationPlatforms) = preSolution
		Debug|Any CPU = Debug|Any CPU
		Release|Any CPU = Release|Any CPU
	EndGlobalSection
	GlobalSection(ProjectConfigurationPlatforms) = postSolution
		{BC1349BF-0D53-4E78-A06E-B3B46B11875E}.Debug|Any CPU.ActiveCfg = Debug|Any CPU
		{BC1349BF-0D53-4E78-A06E-B3B46B11875E}.Debug|Any CPU.Build.0 = Debug|Any CPU
		{BC1349BF-0D53-4E78-A06E-B3B46B11875E}.Release|Any CPU.ActiveCfg = Release|Any CPU
		{BC1349BF-0D53-4E78-A06E-B3B46B11875E}.Release|Any CPU.Build.0 = Release|Any CPU
		{24C0EB9E-D2D0-449A-8B18-786601CC65AB}.Debug|Any CPU.ActiveCfg = Debug|Any CPU
		{24C0EB9E-D2D0-449A-8B18-786601CC65AB}.Debug|Any CPU.Build.0 = Debug|Any CPU
		{24C0EB9E-D2D0-449A-8B18-786601CC65AB}.Release|Any CPU.ActiveCfg = Release|Any CPU
		{24C0EB9E-D2D0-449A-8B18-786601CC65AB}.Release|Any CPU.Build.0 = Release|Any CPU
	EndGlobalSection
	GlobalSection(SolutionProperties) = preSolution
		HideSolutionNode = FALSE
	EndGlobalSection
EndGlobal
