
Microsoft Visual Studio Solution File, Format Version 12.00
# Visual Studio 2013
VisualStudioVersion = 12.0.30723.0
MinimumVisualStudioVersion = 10.0.40219.1
Project("{FAE04EC0-301F-11D3-BF4B-00C04F79EFBC}") = "SnakesAndLadders", "SnakesAndLadders.csproj", "{2803F6B6-145B-459D-BA8E-B767A8A10DEF}"
EndProject
Project("{FAE04EC0-301F-11D3-BF4B-00C04F79EFBC}") = "SnakesAndLaddersTests", "..\SnakesAndLaddersTests\SnakesAndLaddersTests.csproj", "{EEF979D8-BCFE-4C65-B0FA-282FB3DF70B4}"
EndProject
Global
	GlobalSection(SolutionConfigurationPlatforms) = preSolution
		Debug|Any CPU = Debug|Any CPU
		Release|Any CPU = Release|Any CPU
	EndGlobalSection
	GlobalSection(ProjectConfigurationPlatforms) = postSolution
		{2803F6B6-145B-459D-BA8E-B767A8A10DEF}.Debug|Any CPU.ActiveCfg = Debug|Any CPU
		{2803F6B6-145B-459D-BA8E-B767A8A10DEF}.Debug|Any CPU.Build.0 = Debug|Any CPU
		{2803F6B6-145B-459D-BA8E-B767A8A10DEF}.Release|Any CPU.ActiveCfg = Release|Any CPU
		{2803F6B6-145B-459D-BA8E-B767A8A10DEF}.Release|Any CPU.Build.0 = Release|Any CPU
		{EEF979D8-BCFE-4C65-B0FA-282FB3DF70B4}.Debug|Any CPU.ActiveCfg = Debug|Any CPU
		{EEF979D8-BCFE-4C65-B0FA-282FB3DF70B4}.Debug|Any CPU.Build.0 = Debug|Any CPU
		{EEF979D8-BCFE-4C65-B0FA-282FB3DF70B4}.Release|Any CPU.ActiveCfg = Release|Any CPU
		{EEF979D8-BCFE-4C65-B0FA-282FB3DF70B4}.Release|Any CPU.Build.0 = Release|Any CPU
	EndGlobalSection
	GlobalSection(SolutionProperties) = preSolution
		HideSolutionNode = FALSE
	EndGlobalSection
EndGlobal
